<?xml version="1.0" encoding="utf-8"?>
<Project ToolsVersion="4.0" xmlns="http://schemas.microsoft.com/developer/msbuild/2003">
  <ItemGroup>
    <Filter Include="Lift">
      <UniqueIdentifier>{9488887C-80BF-890D-29AC-6F1015C2050F}</UniqueIdentifier>
    </Filter>
    <Filter Include="Lift\Events">
      <UniqueIdentifier>{F845246E-64FB-9C63-EDEF-963A59A49367}</UniqueIdentifier>
    </Filter>
    <Filter Include="Lift\ImGui">
      <UniqueIdentifier>{BE1C82A6-AAD4-C3F3-13DC-9C4FFFB25EE4}</UniqueIdentifier>
    </Filter>
    <Filter Include="Lift\Platform">
      <UniqueIdentifier>{68AB6BA4-D46B-E7DA-9DA6-305809262CB7}</UniqueIdentifier>
    </Filter>
    <Filter Include="Lift\Platform\OpenGL">
      <UniqueIdentifier>{9C6F58F4-88FE-E1BD-311D-F6B81D8BF263}</UniqueIdentifier>
    </Filter>
    <Filter Include="Lift\Platform\Windows">
      <UniqueIdentifier>{A23D82D7-0EAA-3DD2-D79D-D52F43C95F3A}</UniqueIdentifier>
    </Filter>
  </ItemGroup>
  <ItemGroup>
    <ClInclude Include="src\Lift.h" />
    <ClInclude Include="src\Lift\Application.h">
      <Filter>Lift</Filter>
    </ClInclude>
    <ClInclude Include="src\Lift\Core.h">
      <Filter>Lift</Filter>
    </ClInclude>
    <ClInclude Include="src\Lift\Events\ApplicationEvent.h">
      <Filter>Lift\Events</Filter>
    </ClInclude>
    <ClInclude Include="src\Lift\Events\Event.h">
      <Filter>Lift\Events</Filter>
    </ClInclude>
    <ClInclude Include="src\Lift\Events\KeyEvent.h">
      <Filter>Lift\Events</Filter>
    </ClInclude>
    <ClInclude Include="src\Lift\Events\MouseEvent.h">
      <Filter>Lift\Events</Filter>
    </ClInclude>
    <ClInclude Include="src\Lift\ImGui\ImGuiLayer.h">
      <Filter>Lift\ImGui</Filter>
    </ClInclude>
    <ClInclude Include="src\Lift\Layer.h">
      <Filter>Lift</Filter>
    </ClInclude>
    <ClInclude Include="src\Lift\LayerStack.h">
      <Filter>Lift</Filter>
    </ClInclude>
    <ClInclude Include="src\Lift\Log.h">
      <Filter>Lift</Filter>
    </ClInclude>
    <ClInclude Include="src\Lift\Main.h">
      <Filter>Lift</Filter>
    </ClInclude>
    <ClInclude Include="src\Lift\Platform\OpenGL\ImGuiOpenGLRenderer.h">
      <Filter>Lift\Platform\OpenGL</Filter>
    </ClInclude>
    <ClInclude Include="src\Lift\Platform\Windows\WindowsWindow.h">
      <Filter>Lift\Platform\Windows</Filter>
    </ClInclude>
    <ClInclude Include="src\Lift\Window.h">
      <Filter>Lift</Filter>
    </ClInclude>
    <ClInclude Include="src\pch.h" />
  </ItemGroup>
  <ItemGroup>
    <ClCompile Include="src\Lift\Application.cpp">
      <Filter>Lift</Filter>
    </ClCompile>
    <ClCompile Include="src\Lift\ImGui\ImGuiLayer.cpp">
      <Filter>Lift\ImGui</Filter>
    </ClCompile>
    <ClCompile Include="src\Lift\Layer.cpp">
      <Filter>Lift</Filter>
    </ClCompile>
    <ClCompile Include="src\Lift\LayerStack.cpp">
      <Filter>Lift</Filter>
    </ClCompile>
    <ClCompile Include="src\Lift\Log.cpp">
      <Filter>Lift</Filter>
    </ClCompile>
    <ClCompile Include="src\Lift\Platform\OpenGL\ImGuiOpenGLRenderer.cpp">
      <Filter>Lift\Platform\OpenGL</Filter>
    </ClCompile>
    <ClCompile Include="src\Lift\Platform\Windows\WindowsWindow.cpp">
      <Filter>Lift\Platform\Windows</Filter>
    </ClCompile>
    <ClCompile Include="src\pch.cpp" />
  </ItemGroup>
</Project>